
Microsoft Visual Studio Solution File, Format Version 12.00
# Visual Studio Version 17
VisualStudioVersion = 17.10.34928.147
MinimumVisualStudioVersion = 10.0.40219.1
Project("{FAE04EC0-301F-11D3-BF4B-00C04F79EFBC}") = "CurrencyConverterApp", "CurrencyConverterApp\CurrencyConverterApp.csproj", "{B8BE77B4-D90F-45CB-87FD-5958A68E40E8}"
EndProject
Global
	GlobalSection(SolutionConfigurationPlatforms) = preSolution
		Debug|Any CPU = Debug|Any CPU
		Release|Any CPU = Release|Any CPU
	EndGlobalSection
	GlobalSection(ProjectConfigurationPlatforms) = postSolution
		{B8BE77B4-D90F-45CB-87FD-5958A68E40E8}.Debug|Any CPU.ActiveCfg = Debug|Any CPU
		{B8BE77B4-D90F-45CB-87FD-5958A68E40E8}.Debug|Any CPU.Build.0 = Debug|Any CPU
		{B8BE77B4-D90F-45CB-87FD-5958A68E40E8}.Release|Any CPU.ActiveCfg = Release|Any CPU
		{B8BE77B4-D90F-45CB-87FD-5958A68E40E8}.Release|Any CPU.Build.0 = Release|Any CPU
	EndGlobalSection
	GlobalSection(SolutionProperties) = preSolution
		HideSolutionNode = FALSE
	EndGlobalSection
	GlobalSection(ExtensibilityGlobals) = postSolution
		SolutionGuid = {01AD1309-73B8-4466-B1D8-E53D30F2E545}
	EndGlobalSection
EndGlobal
